
Microsoft Visual Studio Solution File, Format Version 12.00
# Visual Studio Version 17
VisualStudioVersion = 17.10.35013.160
MinimumVisualStudioVersion = 10.0.40219.1
Project("{9A19103F-16F7-4668-BE54-9A1E7A4F7556}") = "MvvmApp.Core", "MvvmApp.Core\MvvmApp.Core.csproj", "{F993D3F3-5779-4AC9-B174-C48098B5FF4E}"
EndProject
Project("{FAE04EC0-301F-11D3-BF4B-00C04F79EFBC}") = "MvvmApp.Uwp", "MvvmApp.Uwp\MvvmApp.Uwp.csproj", "{A990E96C-C7F2-4AE0-B3C0-DA9AE3399785}"
EndProject
Project("{FAE04EC0-301F-11D3-BF4B-00C04F79EFBC}") = "MvvmApp.WinUI", "MvvmApp.WinUI\MvvmApp.WinUI.csproj", "{5A8B288C-A85E-401C-A093-7BEB9ADC0322}"
EndProject
Global
	GlobalSection(SolutionConfigurationPlatforms) = preSolution
		Debug|Any CPU = Debug|Any CPU
		Debug|ARM = Debug|ARM
		Debug|ARM64 = Debug|ARM64
		Debug|x64 = Debug|x64
		Debug|x86 = Debug|x86
		Release|Any CPU = Release|Any CPU
		Release|ARM = Release|ARM
		Release|ARM64 = Release|ARM64
		Release|x64 = Release|x64
		Release|x86 = Release|x86
	EndGlobalSection
	GlobalSection(ProjectConfigurationPlatforms) = postSolution
		{F993D3F3-5779-4AC9-B174-C48098B5FF4E}.Debug|Any CPU.ActiveCfg = Debug|Any CPU
		{F993D3F3-5779-4AC9-B174-C48098B5FF4E}.Debug|Any CPU.Build.0 = Debug|Any CPU
		{F993D3F3-5779-4AC9-B174-C48098B5FF4E}.Debug|ARM.ActiveCfg = Debug|Any CPU
		{F993D3F3-5779-4AC9-B174-C48098B5FF4E}.Debug|ARM.Build.0 = Debug|Any CPU
		{F993D3F3-5779-4AC9-B174-C48098B5FF4E}.Debug|ARM64.ActiveCfg = Debug|Any CPU
		{F993D3F3-5779-4AC9-B174-C48098B5FF4E}.Debug|ARM64.Build.0 = Debug|Any CPU
		{F993D3F3-5779-4AC9-B174-C48098B5FF4E}.Debug|x64.ActiveCfg = Debug|Any CPU
		{F993D3F3-5779-4AC9-B174-C48098B5FF4E}.Debug|x64.Build.0 = Debug|Any CPU
		{F993D3F3-5779-4AC9-B174-C48098B5FF4E}.Debug|x86.ActiveCfg = Debug|Any CPU
		{F993D3F3-5779-4AC9-B174-C48098B5FF4E}.Debug|x86.Build.0 = Debug|Any CPU
		{F993D3F3-5779-4AC9-B174-C48098B5FF4E}.Release|Any CPU.ActiveCfg = Release|Any CPU
		{F993D3F3-5779-4AC9-B174-C48098B5FF4E}.Release|Any CPU.Build.0 = Release|Any CPU
		{F993D3F3-5779-4AC9-B174-C48098B5FF4E}.Release|ARM.ActiveCfg = Release|Any CPU
		{F993D3F3-5779-4AC9-B174-C48098B5FF4E}.Release|ARM.Build.0 = Release|Any CPU
		{F993D3F3-5779-4AC9-B174-C48098B5FF4E}.Release|ARM64.ActiveCfg = Release|Any CPU
		{F993D3F3-5779-4AC9-B174-C48098B5FF4E}.Release|ARM64.Build.0 = Release|Any CPU
		{F993D3F3-5779-4AC9-B174-C48098B5FF4E}.Release|x64.ActiveCfg = Release|Any CPU
		{F993D3F3-5779-4AC9-B174-C48098B5FF4E}.Release|x64.Build.0 = Release|Any CPU
		{F993D3F3-5779-4AC9-B174-C48098B5FF4E}.Release|x86.ActiveCfg = Release|Any CPU
		{F993D3F3-5779-4AC9-B174-C48098B5FF4E}.Release|x86.Build.0 = Release|Any CPU
		{A990E96C-C7F2-4AE0-B3C0-DA9AE3399785}.Debug|Any CPU.ActiveCfg = Debug|x64
		{A990E96C-C7F2-4AE0-B3C0-DA9AE3399785}.Debug|Any CPU.Build.0 = Debug|x64
		{A990E96C-C7F2-4AE0-B3C0-DA9AE3399785}.Debug|Any CPU.Deploy.0 = Debug|x64
		{A990E96C-C7F2-4AE0-B3C0-DA9AE3399785}.Debug|ARM.ActiveCfg = Debug|ARM
		{A990E96C-C7F2-4AE0-B3C0-DA9AE3399785}.Debug|ARM.Build.0 = Debug|ARM
		{A990E96C-C7F2-4AE0-B3C0-DA9AE3399785}.Debug|ARM.Deploy.0 = Debug|ARM
		{A990E96C-C7F2-4AE0-B3C0-DA9AE3399785}.Debug|ARM64.ActiveCfg = Debug|ARM64
		{A990E96C-C7F2-4AE0-B3C0-DA9AE3399785}.Debug|ARM64.Build.0 = Debug|ARM64
		{A990E96C-C7F2-4AE0-B3C0-DA9AE3399785}.Debug|ARM64.Deploy.0 = Debug|ARM64
		{A990E96C-C7F2-4AE0-B3C0-DA9AE3399785}.Debug|x64.ActiveCfg = Debug|x64
		{A990E96C-C7F2-4AE0-B3C0-DA9AE3399785}.Debug|x64.Build.0 = Debug|x64
		{A990E96C-C7F2-4AE0-B3C0-DA9AE3399785}.Debug|x64.Deploy.0 = Debug|x64
		{A990E96C-C7F2-4AE0-B3C0-DA9AE3399785}.Debug|x86.ActiveCfg = Debug|x86
		{A990E96C-C7F2-4AE0-B3C0-DA9AE3399785}.Debug|x86.Build.0 = Debug|x86
		{A990E96C-C7F2-4AE0-B3C0-DA9AE3399785}.Debug|x86.Deploy.0 = Debug|x86
		{A990E96C-C7F2-4AE0-B3C0-DA9AE3399785}.Release|Any CPU.ActiveCfg = Release|x64
		{A990E96C-C7F2-4AE0-B3C0-DA9AE3399785}.Release|Any CPU.Build.0 = Release|x64
		{A990E96C-C7F2-4AE0-B3C0-DA9AE3399785}.Release|Any CPU.Deploy.0 = Release|x64
		{A990E96C-C7F2-4AE0-B3C0-DA9AE3399785}.Release|ARM.ActiveCfg = Release|ARM
		{A990E96C-C7F2-4AE0-B3C0-DA9AE3399785}.Release|ARM.Build.0 = Release|ARM
		{A990E96C-C7F2-4AE0-B3C0-DA9AE3399785}.Release|ARM.Deploy.0 = Release|ARM
		{A990E96C-C7F2-4AE0-B3C0-DA9AE3399785}.Release|ARM64.ActiveCfg = Release|ARM64
		{A990E96C-C7F2-4AE0-B3C0-DA9AE3399785}.Release|ARM64.Build.0 = Release|ARM64
		{A990E96C-C7F2-4AE0-B3C0-DA9AE3399785}.Release|ARM64.Deploy.0 = Release|ARM64
		{A990E96C-C7F2-4AE0-B3C0-DA9AE3399785}.Release|x64.ActiveCfg = Release|x64
		{A990E96C-C7F2-4AE0-B3C0-DA9AE3399785}.Release|x64.Build.0 = Release|x64
		{A990E96C-C7F2-4AE0-B3C0-DA9AE3399785}.Release|x64.Deploy.0 = Release|x64
		{A990E96C-C7F2-4AE0-B3C0-DA9AE3399785}.Release|x86.ActiveCfg = Release|x86
		{A990E96C-C7F2-4AE0-B3C0-DA9AE3399785}.Release|x86.Build.0 = Release|x86
		{A990E96C-C7F2-4AE0-B3C0-DA9AE3399785}.Release|x86.Deploy.0 = Release|x86
		{5A8B288C-A85E-401C-A093-7BEB9ADC0322}.Debug|Any CPU.ActiveCfg = Debug|x64
		{5A8B288C-A85E-401C-A093-7BEB9ADC0322}.Debug|Any CPU.Build.0 = Debug|x64
		{5A8B288C-A85E-401C-A093-7BEB9ADC0322}.Debug|Any CPU.Deploy.0 = Debug|x64
		{5A8B288C-A85E-401C-A093-7BEB9ADC0322}.Debug|ARM.ActiveCfg = Debug|x64
		{5A8B288C-A85E-401C-A093-7BEB9ADC0322}.Debug|ARM.Build.0 = Debug|x64
		{5A8B288C-A85E-401C-A093-7BEB9ADC0322}.Debug|ARM.Deploy.0 = Debug|x64
		{5A8B288C-A85E-401C-A093-7BEB9ADC0322}.Debug|ARM64.ActiveCfg = Debug|ARM64
		{5A8B288C-A85E-401C-A093-7BEB9ADC0322}.Debug|ARM64.Build.0 = Debug|ARM64
		{5A8B288C-A85E-401C-A093-7BEB9ADC0322}.Debug|ARM64.Deploy.0 = Debug|ARM64
		{5A8B288C-A85E-401C-A093-7BEB9ADC0322}.Debug|x64.ActiveCfg = Debug|x64
		{5A8B288C-A85E-401C-A093-7BEB9ADC0322}.Debug|x64.Build.0 = Debug|x64
		{5A8B288C-A85E-401C-A093-7BEB9ADC0322}.Debug|x64.Deploy.0 = Debug|x64
		{5A8B288C-A85E-401C-A093-7BEB9ADC0322}.Debug|x86.ActiveCfg = Debug|x86
		{5A8B288C-A85E-401C-A093-7BEB9ADC0322}.Debug|x86.Build.0 = Debug|x86
		{5A8B288C-A85E-401C-A093-7BEB9ADC0322}.Debug|x86.Deploy.0 = Debug|x86
		{5A8B288C-A85E-401C-A093-7BEB9ADC0322}.Release|Any CPU.ActiveCfg = Release|x64
		{5A8B288C-A85E-401C-A093-7BEB9ADC0322}.Release|Any CPU.Build.0 = Release|x64
		{5A8B288C-A85E-401C-A093-7BEB9ADC0322}.Release|Any CPU.Deploy.0 = Release|x64
		{5A8B288C-A85E-401C-A093-7BEB9ADC0322}.Release|ARM.ActiveCfg = Release|x64
		{5A8B288C-A85E-401C-A093-7BEB9ADC0322}.Release|ARM.Build.0 = Release|x64
		{5A8B288C-A85E-401C-A093-7BEB9ADC0322}.Release|ARM.Deploy.0 = Release|x64
		{5A8B288C-A85E-401C-A093-7BEB9ADC0322}.Release|ARM64.ActiveCfg = Release|ARM64
		{5A8B288C-A85E-401C-A093-7BEB9ADC0322}.Release|ARM64.Build.0 = Release|ARM64
		{5A8B288C-A85E-401C-A093-7BEB9ADC0322}.Release|ARM64.Deploy.0 = Release|ARM64
		{5A8B288C-A85E-401C-A093-7BEB9ADC0322}.Release|x64.ActiveCfg = Release|x64
		{5A8B288C-A85E-401C-A093-7BEB9ADC0322}.Release|x64.Build.0 = Release|x64
		{5A8B288C-A85E-401C-A093-7BEB9ADC0322}.Release|x64.Deploy.0 = Release|x64
		{5A8B288C-A85E-401C-A093-7BEB9ADC0322}.Release|x86.ActiveCfg = Release|x86
		{5A8B288C-A85E-401C-A093-7BEB9ADC0322}.Release|x86.Build.0 = Release|x86
		{5A8B288C-A85E-401C-A093-7BEB9ADC0322}.Release|x86.Deploy.0 = Release|x86
	EndGlobalSection
	GlobalSection(SolutionProperties) = preSolution
		HideSolutionNode = FALSE
	EndGlobalSection
	GlobalSection(ExtensibilityGlobals) = postSolution
		SolutionGuid = {D950C961-EF08-4E6D-A135-C8BF0F2D8DCE}
	EndGlobalSection
EndGlobal
